
Microsoft Visual Studio Solution File, Format Version 12.00
# Visual Studio 15
VisualStudioVersion = 15.0.28307.136
MinimumVisualStudioVersion = 10.0.40219.1
Project("{FAE04EC0-301F-11D3-BF4B-00C04F79EFBC}") = "ComercialWebSite.Project", "ComercialWebSite.Project\ComercialWebSite.Project.csproj", "{CF52AF02-AC13-43BA-9190-E4B2410C73E2}"
EndProject
Global
	GlobalSection(SolutionConfigurationPlatforms) = preSolution
		Debug|Any CPU = Debug|Any CPU
		Release|Any CPU = Release|Any CPU
	EndGlobalSection
	GlobalSection(ProjectConfigurationPlatforms) = postSolution
		{CF52AF02-AC13-43BA-9190-E4B2410C73E2}.Debug|Any CPU.ActiveCfg = Debug|Any CPU
		{CF52AF02-AC13-43BA-9190-E4B2410C73E2}.Debug|Any CPU.Build.0 = Debug|Any CPU
		{CF52AF02-AC13-43BA-9190-E4B2410C73E2}.Release|Any CPU.ActiveCfg = Release|Any CPU
		{CF52AF02-AC13-43BA-9190-E4B2410C73E2}.Release|Any CPU.Build.0 = Release|Any CPU
	EndGlobalSection
	GlobalSection(SolutionProperties) = preSolution
		HideSolutionNode = FALSE
	EndGlobalSection
	GlobalSection(ExtensibilityGlobals) = postSolution
		SolutionGuid = {33E01249-DEC1-44AC-AEC1-9CB84668AA64}
	EndGlobalSection
EndGlobal
